
Microsoft Visual Studio Solution File, Format Version 12.00
# Visual Studio Version 16
VisualStudioVersion = 16.0.29728.190
MinimumVisualStudioVersion = 10.0.40219.1
Project("{FAE04EC0-301F-11D3-BF4B-00C04F79EFBC}") = "ConsoleApp1", "ConsoleApp1\ConsoleApp1.csproj", "{18CE4725-68DB-4031-828E-9360D06A9D19}"
EndProject
Global
	GlobalSection(SolutionConfigurationPlatforms) = preSolution
		Debug|Any CPU = Debug|Any CPU
		Release|Any CPU = Release|Any CPU
	EndGlobalSection
	GlobalSection(ProjectConfigurationPlatforms) = postSolution
		{18CE4725-68DB-4031-828E-9360D06A9D19}.Debug|Any CPU.ActiveCfg = Debug|Any CPU
		{18CE4725-68DB-4031-828E-9360D06A9D19}.Debug|Any CPU.Build.0 = Debug|Any CPU
		{18CE4725-68DB-4031-828E-9360D06A9D19}.Release|Any CPU.ActiveCfg = Release|Any CPU
		{18CE4725-68DB-4031-828E-9360D06A9D19}.Release|Any CPU.Build.0 = Release|Any CPU
	EndGlobalSection
	GlobalSection(SolutionProperties) = preSolution
		HideSolutionNode = FALSE
	EndGlobalSection
	GlobalSection(ExtensibilityGlobals) = postSolution
		SolutionGuid = {F96BCEDE-D89F-471F-94D3-FE34D4C6AEEE}
	EndGlobalSection
EndGlobal
